dependencies:
  espressif/cjson:
    component_hash: e788323270d90738662d66fffa910bfe1fba019bba087f01557e70c40485b469
    dependencies:
    - name: idf
      require: private
      version: '>=5.0'
    source:
      registry_url: https://components.espressif.com/
      type: service
    version: 1.7.19~2
  idf:
    source:
      type: idf
    version: 6.0.2
direct_dependencies:
- espressif/cjson
manifest_hash: f83beacbfab8dfe279eb84d1f99cb79a89c68c144ca0260e4dc8d8f2d2fb3f03
target: esp32c3
version: 3.0.0
